
Microsoft Visual Studio Solution File, Format Version 12.00
# Visual Studio 2013
VisualStudioVersion = 12.0.30110.0
MinimumVisualStudioVersion = 10.0.40219.1
Project("{8BC9CEB8-8B4A-11D0-8D11-00A0C91BC942}") = "1. Reverse Words in a String", "1. Reverse Words in a String\1. Reverse Words in a String.vcxproj", "{06AA8F07-21B2-4513-BC1A-76E32F8C3473}"
EndProject
Project("{2150E333-8FDC-42A3-9474-1A3956D46DE8}") = "Solution Items", "Solution Items", "{F31460B9-ED90-48E1-A78F-E9CBDAF9CEA8}"
	ProjectSection(SolutionItems) = preProject
		Template.txt = Template.txt
	EndProjectSection
EndProject
Project("{8BC9CEB8-8B4A-11D0-8D11-00A0C91BC942}") = "2. Evaluate Reverse Polish Notation", "2. Evaluate Reverse Polish Notation\2. Evaluate Reverse Polish Notation.vcxproj", "{59E4D56C-4636-4D42-BC1C-04A6A6EE70FB}"
EndProject
Project("{8BC9CEB8-8B4A-11D0-8D11-00A0C91BC942}") = "3. Max Points on a Line", "3. Max Points on a Line\3. Max Points on a Line.vcxproj", "{B1B8B1F9-E6B8-49A8-A6E0-7965B0621F17}"
EndProject
Project("{8BC9CEB8-8B4A-11D0-8D11-00A0C91BC942}") = "4. Sort List", "4. Sort List\4. Sort List.vcxproj", "{D77B9B34-8B21-4ED6-98AB-7E46114FD02F}"
EndProject
Project("{8BC9CEB8-8B4A-11D0-8D11-00A0C91BC942}") = "5. Insertion Sort List", "5. Insertion Sort List\5. Insertion Sort List.vcxproj", "{156047AF-4EAF-437C-A369-A93230380616}"
EndProject
Project("{8BC9CEB8-8B4A-11D0-8D11-00A0C91BC942}") = "6. LRU Cache", "6. LRU Cache\6. LRU Cache.vcxproj", "{E6E8CD24-D22E-492B-B114-8FDDAF64579C}"
EndProject
Global
	GlobalSection(SolutionConfigurationPlatforms) = preSolution
		Debug|Win32 = Debug|Win32
		Release|Win32 = Release|Win32
	EndGlobalSection
	GlobalSection(ProjectConfigurationPlatforms) = postSolution
		{06AA8F07-21B2-4513-BC1A-76E32F8C3473}.Debug|Win32.ActiveCfg = Debug|Win32
		{06AA8F07-21B2-4513-BC1A-76E32F8C3473}.Debug|Win32.Build.0 = Debug|Win32
		{06AA8F07-21B2-4513-BC1A-76E32F8C3473}.Release|Win32.ActiveCfg = Release|Win32
		{06AA8F07-21B2-4513-BC1A-76E32F8C3473}.Release|Win32.Build.0 = Release|Win32
		{59E4D56C-4636-4D42-BC1C-04A6A6EE70FB}.Debug|Win32.ActiveCfg = Debug|Win32
		{59E4D56C-4636-4D42-BC1C-04A6A6EE70FB}.Debug|Win32.Build.0 = Debug|Win32
		{59E4D56C-4636-4D42-BC1C-04A6A6EE70FB}.Release|Win32.ActiveCfg = Release|Win32
		{59E4D56C-4636-4D42-BC1C-04A6A6EE70FB}.Release|Win32.Build.0 = Release|Win32
		{B1B8B1F9-E6B8-49A8-A6E0-7965B0621F17}.Debug|Win32.ActiveCfg = Debug|Win32
		{B1B8B1F9-E6B8-49A8-A6E0-7965B0621F17}.Debug|Win32.Build.0 = Debug|Win32
		{B1B8B1F9-E6B8-49A8-A6E0-7965B0621F17}.Release|Win32.ActiveCfg = Release|Win32
		{B1B8B1F9-E6B8-49A8-A6E0-7965B0621F17}.Release|Win32.Build.0 = Release|Win32
		{D77B9B34-8B21-4ED6-98AB-7E46114FD02F}.Debug|Win32.ActiveCfg = Debug|Win32
		{D77B9B34-8B21-4ED6-98AB-7E46114FD02F}.Debug|Win32.Build.0 = Debug|Win32
		{D77B9B34-8B21-4ED6-98AB-7E46114FD02F}.Release|Win32.ActiveCfg = Release|Win32
		{D77B9B34-8B21-4ED6-98AB-7E46114FD02F}.Release|Win32.Build.0 = Release|Win32
		{156047AF-4EAF-437C-A369-A93230380616}.Debug|Win32.ActiveCfg = Debug|Win32
		{156047AF-4EAF-437C-A369-A93230380616}.Debug|Win32.Build.0 = Debug|Win32
		{156047AF-4EAF-437C-A369-A93230380616}.Release|Win32.ActiveCfg = Release|Win32
		{156047AF-4EAF-437C-A369-A93230380616}.Release|Win32.Build.0 = Release|Win32
		{E6E8CD24-D22E-492B-B114-8FDDAF64579C}.Debug|Win32.ActiveCfg = Debug|Win32
		{E6E8CD24-D22E-492B-B114-8FDDAF64579C}.Debug|Win32.Build.0 = Debug|Win32
		{E6E8CD24-D22E-492B-B114-8FDDAF64579C}.Release|Win32.ActiveCfg = Release|Win32
		{E6E8CD24-D22E-492B-B114-8FDDAF64579C}.Release|Win32.Build.0 = Release|Win32
	EndGlobalSection
	GlobalSection(SolutionProperties) = preSolution
		HideSolutionNode = FALSE
	EndGlobalSection
EndGlobal
