
Microsoft Visual Studio Solution File, Format Version 12.00
# Visual Studio 2013
VisualStudioVersion = 12.0.30501.0
MinimumVisualStudioVersion = 10.0.40219.1
Project("{8BC9CEB8-8B4A-11D0-8D11-00A0C91BC942}") = "1. Reverse Words in a String", "1. Reverse Words in a String\1. Reverse Words in a String.vcxproj", "{06AA8F07-21B2-4513-BC1A-76E32F8C3473}"
EndProject
Project("{2150E333-8FDC-42A3-9474-1A3956D46DE8}") = "Solution Items", "Solution Items", "{F31460B9-ED90-48E1-A78F-E9CBDAF9CEA8}"
	ProjectSection(SolutionItems) = preProject
		Template.txt = Template.txt
	EndProjectSection
EndProject
Project("{8BC9CEB8-8B4A-11D0-8D11-00A0C91BC942}") = "2. Evaluate Reverse Polish Notation", "2. Evaluate Reverse Polish Notation\2. Evaluate Reverse Polish Notation.vcxproj", "{59E4D56C-4636-4D42-BC1C-04A6A6EE70FB}"
EndProject
Project("{8BC9CEB8-8B4A-11D0-8D11-00A0C91BC942}") = "3. Max Points on a Line", "3. Max Points on a Line\3. Max Points on a Line.vcxproj", "{B1B8B1F9-E6B8-49A8-A6E0-7965B0621F17}"
EndProject
Project("{8BC9CEB8-8B4A-11D0-8D11-00A0C91BC942}") = "4. Sort List", "4. Sort List\4. Sort List.vcxproj", "{D77B9B34-8B21-4ED6-98AB-7E46114FD02F}"
EndProject
Project("{8BC9CEB8-8B4A-11D0-8D11-00A0C91BC942}") = "5. Insertion Sort List", "5. Insertion Sort List\5. Insertion Sort List.vcxproj", "{156047AF-4EAF-437C-A369-A93230380616}"
EndProject
Project("{8BC9CEB8-8B4A-11D0-8D11-00A0C91BC942}") = "6. LRU Cache", "6. LRU Cache\6. LRU Cache.vcxproj", "{E6E8CD24-D22E-492B-B114-8FDDAF64579C}"
EndProject
Project("{8BC9CEB8-8B4A-11D0-8D11-00A0C91BC942}") = "7. Binary Tree Postorder Traversal", "7. Binary Tree Postorder Traversal\7. Binary Tree Postorder Traversal.vcxproj", "{1E3519DA-656C-4B56-8750-6E84EB499BB8}"
EndProject
Project("{8BC9CEB8-8B4A-11D0-8D11-00A0C91BC942}") = "8. Binary Tree Preorder Traversal", "8. Binary Tree Preorder Traversal\8. Binary Tree Preorder Traversal.vcxproj", "{64B09BDF-C997-4E16-A7D3-EB81FCC26CBB}"
EndProject
Project("{8BC9CEB8-8B4A-11D0-8D11-00A0C91BC942}") = "9. Reorder List", "9. Reorder List\9. Reorder List.vcxproj", "{0F4F4A61-8C93-442D-9934-7C54D4D3726E}"
EndProject
Project("{8BC9CEB8-8B4A-11D0-8D11-00A0C91BC942}") = "10. Linked List Cycle II", "10. Linked List Cycle II\10. Linked List Cycle II.vcxproj", "{F5FC04FA-BA7B-444E-A4BD-99367F7F73F4}"
EndProject
Project("{8BC9CEB8-8B4A-11D0-8D11-00A0C91BC942}") = "11. Linked List Cycle", "11. Linked List Cycle\11. Linked List Cycle.vcxproj", "{EED6A3D1-3206-4FBF-8955-46905EE4CEBF}"
EndProject
Project("{8BC9CEB8-8B4A-11D0-8D11-00A0C91BC942}") = "12. Word Break II", "12. Word Break II\12. Word Break II.vcxproj", "{17188D34-3DA1-42E7-99BC-2AF84E7E1364}"
EndProject
Project("{8BC9CEB8-8B4A-11D0-8D11-00A0C91BC942}") = "13. Word Break", "13. Word Break\13. Word Break.vcxproj", "{4972AC07-8D3F-4EE4-8C89-47E52922E9CE}"
EndProject
Project("{8BC9CEB8-8B4A-11D0-8D11-00A0C91BC942}") = "14. Copy List with Random Pointer", "14. Copy List with Random Pointer\14. Copy List with Random Pointer.vcxproj", "{BA352832-7ECE-4CAC-8A34-B30D8880A6E1}"
EndProject
Project("{8BC9CEB8-8B4A-11D0-8D11-00A0C91BC942}") = "16. Single Number", "16. Single Number\16. Single Number.vcxproj", "{A19D6CA7-E8F9-4D19-9727-7F57CC616944}"
EndProject
Project("{8BC9CEB8-8B4A-11D0-8D11-00A0C91BC942}") = "15. Single Number II", "15. Single Number II\15. Single Number II.vcxproj", "{6B6AB9FA-D389-4E51-8095-C8E13D90FD16}"
EndProject
Project("{8BC9CEB8-8B4A-11D0-8D11-00A0C91BC942}") = "17. Candy", "17. Candy\17. Candy.vcxproj", "{768AB546-2C49-48D3-81E1-207E5DF5C4AF}"
EndProject
Project("{8BC9CEB8-8B4A-11D0-8D11-00A0C91BC942}") = "18. Gas Station", "18. Gas Station\18. Gas Station.vcxproj", "{21609C3C-DF0B-4F8E-9D90-83E6C1038943}"
EndProject
Project("{8BC9CEB8-8B4A-11D0-8D11-00A0C91BC942}") = "19. Clone Graph", "19. Clone Graph\19. Clone Graph.vcxproj", "{5237826F-449C-4863-9E15-2A7A1DFED835}"
EndProject
Project("{8BC9CEB8-8B4A-11D0-8D11-00A0C91BC942}") = "20. Palindrome Partitioning II", "20. Palindrome Partitioning II\20. Palindrome Partitioning II.vcxproj", "{FD20FC2A-0DFC-410B-A78B-B28D24ECE0E1}"
EndProject
Project("{8BC9CEB8-8B4A-11D0-8D11-00A0C91BC942}") = "21. Palindrome Partitioning", "21. Palindrome Partitioning\21. Palindrome Partitioning.vcxproj", "{895588F9-F8CC-4F7A-8519-29F89AE022BB}"
EndProject
Project("{8BC9CEB8-8B4A-11D0-8D11-00A0C91BC942}") = "22. Surrounded Regions", "22. Surrounded Regions\22. Surrounded Regions.vcxproj", "{DA165DE6-637B-4A63-93A1-F0F98DE1C430}"
EndProject
Project("{8BC9CEB8-8B4A-11D0-8D11-00A0C91BC942}") = "23. Sum Root to Leaf Numbers", "23. Sum Root to Leaf Numbers\23. Sum Root to Leaf Numbers.vcxproj", "{0036AEC9-D5ED-4A4A-8CA5-92EF548FAC20}"
EndProject
Project("{8BC9CEB8-8B4A-11D0-8D11-00A0C91BC942}") = "24. Longest Consecutive Sequence", "24. Longest Consecutive Sequence\24. Longest Consecutive Sequence.vcxproj", "{77856B8F-9B03-49B9-8623-A9BE5B6A1A24}"
EndProject
Project("{8BC9CEB8-8B4A-11D0-8D11-00A0C91BC942}") = "25. Word Ladder II", "25. Word Ladder II\25. Word Ladder II.vcxproj", "{CFC56999-8410-46FE-AF33-00872354F893}"
EndProject
Project("{8BC9CEB8-8B4A-11D0-8D11-00A0C91BC942}") = "26. Word Ladder", "26. Word Ladder\26. Word Ladder.vcxproj", "{FBBED3BD-C1E0-4B4D-8051-3BDBC8518819}"
EndProject
Project("{8BC9CEB8-8B4A-11D0-8D11-00A0C91BC942}") = "27. Valid Palindrome", "27. Valid Palindrome\27. Valid Palindrome.vcxproj", "{46404EC9-9B4A-4F8A-B0DE-47362C48A5AB}"
EndProject
Project("{8BC9CEB8-8B4A-11D0-8D11-00A0C91BC942}") = "28. Binary Tree Maximum Path Sum", "28. Binary Tree Maximum Path Sum\28. Binary Tree Maximum Path Sum.vcxproj", "{6D779E55-604E-49CF-8A6F-398936C39795}"
EndProject
Project("{8BC9CEB8-8B4A-11D0-8D11-00A0C91BC942}") = "29. Best Time to Buy and Sell Stock III", "29. Best Time to Buy and Sell Stock III\29. Best Time to Buy and Sell Stock III.vcxproj", "{B7804D9D-FE6F-4779-906B-43657FC6B5E8}"
EndProject
Project("{8BC9CEB8-8B4A-11D0-8D11-00A0C91BC942}") = "30. Best Time to Buy and Sell Stock II", "30. Best Time to Buy and Sell Stock II\30. Best Time to Buy and Sell Stock II.vcxproj", "{38580313-4FAD-44FA-A327-EC44004EFF6F}"
EndProject
Project("{8BC9CEB8-8B4A-11D0-8D11-00A0C91BC942}") = "31. Best Time to Buy and Sell Stock", "31. Best Time to Buy and Sell Stock\31. Best Time to Buy and Sell Stock.vcxproj", "{F2C76A53-6AAB-4727-92C9-A24DCCB94068}"
EndProject
Global
	GlobalSection(SolutionConfigurationPlatforms) = preSolution
		Debug|Win32 = Debug|Win32
		Release|Win32 = Release|Win32
	EndGlobalSection
	GlobalSection(ProjectConfigurationPlatforms) = postSolution
		{06AA8F07-21B2-4513-BC1A-76E32F8C3473}.Debug|Win32.ActiveCfg = Debug|Win32
		{06AA8F07-21B2-4513-BC1A-76E32F8C3473}.Debug|Win32.Build.0 = Debug|Win32
		{06AA8F07-21B2-4513-BC1A-76E32F8C3473}.Release|Win32.ActiveCfg = Release|Win32
		{06AA8F07-21B2-4513-BC1A-76E32F8C3473}.Release|Win32.Build.0 = Release|Win32
		{59E4D56C-4636-4D42-BC1C-04A6A6EE70FB}.Debug|Win32.ActiveCfg = Debug|Win32
		{59E4D56C-4636-4D42-BC1C-04A6A6EE70FB}.Debug|Win32.Build.0 = Debug|Win32
		{59E4D56C-4636-4D42-BC1C-04A6A6EE70FB}.Release|Win32.ActiveCfg = Release|Win32
		{59E4D56C-4636-4D42-BC1C-04A6A6EE70FB}.Release|Win32.Build.0 = Release|Win32
		{B1B8B1F9-E6B8-49A8-A6E0-7965B0621F17}.Debug|Win32.ActiveCfg = Debug|Win32
		{B1B8B1F9-E6B8-49A8-A6E0-7965B0621F17}.Debug|Win32.Build.0 = Debug|Win32
		{B1B8B1F9-E6B8-49A8-A6E0-7965B0621F17}.Release|Win32.ActiveCfg = Release|Win32
		{B1B8B1F9-E6B8-49A8-A6E0-7965B0621F17}.Release|Win32.Build.0 = Release|Win32
		{D77B9B34-8B21-4ED6-98AB-7E46114FD02F}.Debug|Win32.ActiveCfg = Debug|Win32
		{D77B9B34-8B21-4ED6-98AB-7E46114FD02F}.Debug|Win32.Build.0 = Debug|Win32
		{D77B9B34-8B21-4ED6-98AB-7E46114FD02F}.Release|Win32.ActiveCfg = Release|Win32
		{D77B9B34-8B21-4ED6-98AB-7E46114FD02F}.Release|Win32.Build.0 = Release|Win32
		{156047AF-4EAF-437C-A369-A93230380616}.Debug|Win32.ActiveCfg = Debug|Win32
		{156047AF-4EAF-437C-A369-A93230380616}.Debug|Win32.Build.0 = Debug|Win32
		{156047AF-4EAF-437C-A369-A93230380616}.Release|Win32.ActiveCfg = Release|Win32
		{156047AF-4EAF-437C-A369-A93230380616}.Release|Win32.Build.0 = Release|Win32
		{E6E8CD24-D22E-492B-B114-8FDDAF64579C}.Debug|Win32.ActiveCfg = Debug|Win32
		{E6E8CD24-D22E-492B-B114-8FDDAF64579C}.Debug|Win32.Build.0 = Debug|Win32
		{E6E8CD24-D22E-492B-B114-8FDDAF64579C}.Release|Win32.ActiveCfg = Release|Win32
		{E6E8CD24-D22E-492B-B114-8FDDAF64579C}.Release|Win32.Build.0 = Release|Win32
		{1E3519DA-656C-4B56-8750-6E84EB499BB8}.Debug|Win32.ActiveCfg = Debug|Win32
		{1E3519DA-656C-4B56-8750-6E84EB499BB8}.Debug|Win32.Build.0 = Debug|Win32
		{1E3519DA-656C-4B56-8750-6E84EB499BB8}.Release|Win32.ActiveCfg = Release|Win32
		{1E3519DA-656C-4B56-8750-6E84EB499BB8}.Release|Win32.Build.0 = Release|Win32
		{64B09BDF-C997-4E16-A7D3-EB81FCC26CBB}.Debug|Win32.ActiveCfg = Debug|Win32
		{64B09BDF-C997-4E16-A7D3-EB81FCC26CBB}.Debug|Win32.Build.0 = Debug|Win32
		{64B09BDF-C997-4E16-A7D3-EB81FCC26CBB}.Release|Win32.ActiveCfg = Release|Win32
		{64B09BDF-C997-4E16-A7D3-EB81FCC26CBB}.Release|Win32.Build.0 = Release|Win32
		{0F4F4A61-8C93-442D-9934-7C54D4D3726E}.Debug|Win32.ActiveCfg = Debug|Win32
		{0F4F4A61-8C93-442D-9934-7C54D4D3726E}.Debug|Win32.Build.0 = Debug|Win32
		{0F4F4A61-8C93-442D-9934-7C54D4D3726E}.Release|Win32.ActiveCfg = Release|Win32
		{0F4F4A61-8C93-442D-9934-7C54D4D3726E}.Release|Win32.Build.0 = Release|Win32
		{F5FC04FA-BA7B-444E-A4BD-99367F7F73F4}.Debug|Win32.ActiveCfg = Debug|Win32
		{F5FC04FA-BA7B-444E-A4BD-99367F7F73F4}.Debug|Win32.Build.0 = Debug|Win32
		{F5FC04FA-BA7B-444E-A4BD-99367F7F73F4}.Release|Win32.ActiveCfg = Release|Win32
		{F5FC04FA-BA7B-444E-A4BD-99367F7F73F4}.Release|Win32.Build.0 = Release|Win32
		{EED6A3D1-3206-4FBF-8955-46905EE4CEBF}.Debug|Win32.ActiveCfg = Debug|Win32
		{EED6A3D1-3206-4FBF-8955-46905EE4CEBF}.Debug|Win32.Build.0 = Debug|Win32
		{EED6A3D1-3206-4FBF-8955-46905EE4CEBF}.Release|Win32.ActiveCfg = Release|Win32
		{EED6A3D1-3206-4FBF-8955-46905EE4CEBF}.Release|Win32.Build.0 = Release|Win32
		{17188D34-3DA1-42E7-99BC-2AF84E7E1364}.Debug|Win32.ActiveCfg = Debug|Win32
		{17188D34-3DA1-42E7-99BC-2AF84E7E1364}.Debug|Win32.Build.0 = Debug|Win32
		{17188D34-3DA1-42E7-99BC-2AF84E7E1364}.Release|Win32.ActiveCfg = Release|Win32
		{17188D34-3DA1-42E7-99BC-2AF84E7E1364}.Release|Win32.Build.0 = Release|Win32
		{4972AC07-8D3F-4EE4-8C89-47E52922E9CE}.Debug|Win32.ActiveCfg = Debug|Win32
		{4972AC07-8D3F-4EE4-8C89-47E52922E9CE}.Debug|Win32.Build.0 = Debug|Win32
		{4972AC07-8D3F-4EE4-8C89-47E52922E9CE}.Release|Win32.ActiveCfg = Release|Win32
		{4972AC07-8D3F-4EE4-8C89-47E52922E9CE}.Release|Win32.Build.0 = Release|Win32
		{BA352832-7ECE-4CAC-8A34-B30D8880A6E1}.Debug|Win32.ActiveCfg = Debug|Win32
		{BA352832-7ECE-4CAC-8A34-B30D8880A6E1}.Debug|Win32.Build.0 = Debug|Win32
		{BA352832-7ECE-4CAC-8A34-B30D8880A6E1}.Release|Win32.ActiveCfg = Release|Win32
		{BA352832-7ECE-4CAC-8A34-B30D8880A6E1}.Release|Win32.Build.0 = Release|Win32
		{A19D6CA7-E8F9-4D19-9727-7F57CC616944}.Debug|Win32.ActiveCfg = Debug|Win32
		{A19D6CA7-E8F9-4D19-9727-7F57CC616944}.Debug|Win32.Build.0 = Debug|Win32
		{A19D6CA7-E8F9-4D19-9727-7F57CC616944}.Release|Win32.ActiveCfg = Release|Win32
		{A19D6CA7-E8F9-4D19-9727-7F57CC616944}.Release|Win32.Build.0 = Release|Win32
		{6B6AB9FA-D389-4E51-8095-C8E13D90FD16}.Debug|Win32.ActiveCfg = Debug|Win32
		{6B6AB9FA-D389-4E51-8095-C8E13D90FD16}.Debug|Win32.Build.0 = Debug|Win32
		{6B6AB9FA-D389-4E51-8095-C8E13D90FD16}.Release|Win32.ActiveCfg = Release|Win32
		{6B6AB9FA-D389-4E51-8095-C8E13D90FD16}.Release|Win32.Build.0 = Release|Win32
		{768AB546-2C49-48D3-81E1-207E5DF5C4AF}.Debug|Win32.ActiveCfg = Debug|Win32
		{768AB546-2C49-48D3-81E1-207E5DF5C4AF}.Debug|Win32.Build.0 = Debug|Win32
		{768AB546-2C49-48D3-81E1-207E5DF5C4AF}.Release|Win32.ActiveCfg = Release|Win32
		{768AB546-2C49-48D3-81E1-207E5DF5C4AF}.Release|Win32.Build.0 = Release|Win32
		{21609C3C-DF0B-4F8E-9D90-83E6C1038943}.Debug|Win32.ActiveCfg = Debug|Win32
		{21609C3C-DF0B-4F8E-9D90-83E6C1038943}.Debug|Win32.Build.0 = Debug|Win32
		{21609C3C-DF0B-4F8E-9D90-83E6C1038943}.Release|Win32.ActiveCfg = Release|Win32
		{21609C3C-DF0B-4F8E-9D90-83E6C1038943}.Release|Win32.Build.0 = Release|Win32
		{5237826F-449C-4863-9E15-2A7A1DFED835}.Debug|Win32.ActiveCfg = Debug|Win32
		{5237826F-449C-4863-9E15-2A7A1DFED835}.Debug|Win32.Build.0 = Debug|Win32
		{5237826F-449C-4863-9E15-2A7A1DFED835}.Release|Win32.ActiveCfg = Release|Win32
		{5237826F-449C-4863-9E15-2A7A1DFED835}.Release|Win32.Build.0 = Release|Win32
		{FD20FC2A-0DFC-410B-A78B-B28D24ECE0E1}.Debug|Win32.ActiveCfg = Debug|Win32
		{FD20FC2A-0DFC-410B-A78B-B28D24ECE0E1}.Debug|Win32.Build.0 = Debug|Win32
		{FD20FC2A-0DFC-410B-A78B-B28D24ECE0E1}.Release|Win32.ActiveCfg = Release|Win32
		{FD20FC2A-0DFC-410B-A78B-B28D24ECE0E1}.Release|Win32.Build.0 = Release|Win32
		{895588F9-F8CC-4F7A-8519-29F89AE022BB}.Debug|Win32.ActiveCfg = Debug|Win32
		{895588F9-F8CC-4F7A-8519-29F89AE022BB}.Debug|Win32.Build.0 = Debug|Win32
		{895588F9-F8CC-4F7A-8519-29F89AE022BB}.Release|Win32.ActiveCfg = Release|Win32
		{895588F9-F8CC-4F7A-8519-29F89AE022BB}.Release|Win32.Build.0 = Release|Win32
		{DA165DE6-637B-4A63-93A1-F0F98DE1C430}.Debug|Win32.ActiveCfg = Debug|Win32
		{DA165DE6-637B-4A63-93A1-F0F98DE1C430}.Debug|Win32.Build.0 = Debug|Win32
		{DA165DE6-637B-4A63-93A1-F0F98DE1C430}.Release|Win32.ActiveCfg = Release|Win32
		{DA165DE6-637B-4A63-93A1-F0F98DE1C430}.Release|Win32.Build.0 = Release|Win32
		{0036AEC9-D5ED-4A4A-8CA5-92EF548FAC20}.Debug|Win32.ActiveCfg = Debug|Win32
		{0036AEC9-D5ED-4A4A-8CA5-92EF548FAC20}.Debug|Win32.Build.0 = Debug|Win32
		{0036AEC9-D5ED-4A4A-8CA5-92EF548FAC20}.Release|Win32.ActiveCfg = Release|Win32
		{0036AEC9-D5ED-4A4A-8CA5-92EF548FAC20}.Release|Win32.Build.0 = Release|Win32
		{77856B8F-9B03-49B9-8623-A9BE5B6A1A24}.Debug|Win32.ActiveCfg = Debug|Win32
		{77856B8F-9B03-49B9-8623-A9BE5B6A1A24}.Debug|Win32.Build.0 = Debug|Win32
		{77856B8F-9B03-49B9-8623-A9BE5B6A1A24}.Release|Win32.ActiveCfg = Release|Win32
		{77856B8F-9B03-49B9-8623-A9BE5B6A1A24}.Release|Win32.Build.0 = Release|Win32
		{CFC56999-8410-46FE-AF33-00872354F893}.Debug|Win32.ActiveCfg = Debug|Win32
		{CFC56999-8410-46FE-AF33-00872354F893}.Debug|Win32.Build.0 = Debug|Win32
		{CFC56999-8410-46FE-AF33-00872354F893}.Release|Win32.ActiveCfg = Release|Win32
		{CFC56999-8410-46FE-AF33-00872354F893}.Release|Win32.Build.0 = Release|Win32
		{FBBED3BD-C1E0-4B4D-8051-3BDBC8518819}.Debug|Win32.ActiveCfg = Debug|Win32
		{FBBED3BD-C1E0-4B4D-8051-3BDBC8518819}.Debug|Win32.Build.0 = Debug|Win32
		{FBBED3BD-C1E0-4B4D-8051-3BDBC8518819}.Release|Win32.ActiveCfg = Release|Win32
		{FBBED3BD-C1E0-4B4D-8051-3BDBC8518819}.Release|Win32.Build.0 = Release|Win32
		{46404EC9-9B4A-4F8A-B0DE-47362C48A5AB}.Debug|Win32.ActiveCfg = Debug|Win32
		{46404EC9-9B4A-4F8A-B0DE-47362C48A5AB}.Debug|Win32.Build.0 = Debug|Win32
		{46404EC9-9B4A-4F8A-B0DE-47362C48A5AB}.Release|Win32.ActiveCfg = Release|Win32
		{46404EC9-9B4A-4F8A-B0DE-47362C48A5AB}.Release|Win32.Build.0 = Release|Win32
		{6D779E55-604E-49CF-8A6F-398936C39795}.Debug|Win32.ActiveCfg = Debug|Win32
		{6D779E55-604E-49CF-8A6F-398936C39795}.Debug|Win32.Build.0 = Debug|Win32
		{6D779E55-604E-49CF-8A6F-398936C39795}.Release|Win32.ActiveCfg = Release|Win32
		{6D779E55-604E-49CF-8A6F-398936C39795}.Release|Win32.Build.0 = Release|Win32
		{B7804D9D-FE6F-4779-906B-43657FC6B5E8}.Debug|Win32.ActiveCfg = Debug|Win32
		{B7804D9D-FE6F-4779-906B-43657FC6B5E8}.Debug|Win32.Build.0 = Debug|Win32
		{B7804D9D-FE6F-4779-906B-43657FC6B5E8}.Release|Win32.ActiveCfg = Release|Win32
		{B7804D9D-FE6F-4779-906B-43657FC6B5E8}.Release|Win32.Build.0 = Release|Win32
		{38580313-4FAD-44FA-A327-EC44004EFF6F}.Debug|Win32.ActiveCfg = Debug|Win32
		{38580313-4FAD-44FA-A327-EC44004EFF6F}.Debug|Win32.Build.0 = Debug|Win32
		{38580313-4FAD-44FA-A327-EC44004EFF6F}.Release|Win32.ActiveCfg = Release|Win32
		{38580313-4FAD-44FA-A327-EC44004EFF6F}.Release|Win32.Build.0 = Release|Win32
		{F2C76A53-6AAB-4727-92C9-A24DCCB94068}.Debug|Win32.ActiveCfg = Debug|Win32
		{F2C76A53-6AAB-4727-92C9-A24DCCB94068}.Debug|Win32.Build.0 = Debug|Win32
		{F2C76A53-6AAB-4727-92C9-A24DCCB94068}.Release|Win32.ActiveCfg = Release|Win32
		{F2C76A53-6AAB-4727-92C9-A24DCCB94068}.Release|Win32.Build.0 = Release|Win32
	EndGlobalSection
	GlobalSection(SolutionProperties) = preSolution
		HideSolutionNode = FALSE
	EndGlobalSection
EndGlobal
