
Microsoft Visual Studio Solution File, Format Version 12.00
# Visual Studio 2013
VisualStudioVersion = 12.0.30501.0
MinimumVisualStudioVersion = 10.0.40219.1
Project("{8BC9CEB8-8B4A-11D0-8D11-00A0C91BC942}") = "1. Reverse Words in a String", "1. Reverse Words in a String\1. Reverse Words in a String.vcxproj", "{06AA8F07-21B2-4513-BC1A-76E32F8C3473}"
EndProject
Project("{2150E333-8FDC-42A3-9474-1A3956D46DE8}") = "Solution Items", "Solution Items", "{F31460B9-ED90-48E1-A78F-E9CBDAF9CEA8}"
	ProjectSection(SolutionItems) = preProject
		Template.txt = Template.txt
	EndProjectSection
EndProject
Project("{8BC9CEB8-8B4A-11D0-8D11-00A0C91BC942}") = "2. Evaluate Reverse Polish Notation", "2. Evaluate Reverse Polish Notation\2. Evaluate Reverse Polish Notation.vcxproj", "{59E4D56C-4636-4D42-BC1C-04A6A6EE70FB}"
EndProject
Project("{8BC9CEB8-8B4A-11D0-8D11-00A0C91BC942}") = "3. Max Points on a Line", "3. Max Points on a Line\3. Max Points on a Line.vcxproj", "{B1B8B1F9-E6B8-49A8-A6E0-7965B0621F17}"
EndProject
Project("{8BC9CEB8-8B4A-11D0-8D11-00A0C91BC942}") = "4. Sort List", "4. Sort List\4. Sort List.vcxproj", "{D77B9B34-8B21-4ED6-98AB-7E46114FD02F}"
EndProject
Project("{8BC9CEB8-8B4A-11D0-8D11-00A0C91BC942}") = "5. Insertion Sort List", "5. Insertion Sort List\5. Insertion Sort List.vcxproj", "{156047AF-4EAF-437C-A369-A93230380616}"
EndProject
Project("{8BC9CEB8-8B4A-11D0-8D11-00A0C91BC942}") = "6. LRU Cache", "6. LRU Cache\6. LRU Cache.vcxproj", "{E6E8CD24-D22E-492B-B114-8FDDAF64579C}"
EndProject
Project("{8BC9CEB8-8B4A-11D0-8D11-00A0C91BC942}") = "7. Binary Tree Postorder Traversal", "7. Binary Tree Postorder Traversal\7. Binary Tree Postorder Traversal.vcxproj", "{1E3519DA-656C-4B56-8750-6E84EB499BB8}"
EndProject
Project("{8BC9CEB8-8B4A-11D0-8D11-00A0C91BC942}") = "8. Binary Tree Preorder Traversal", "8. Binary Tree Preorder Traversal\8. Binary Tree Preorder Traversal.vcxproj", "{64B09BDF-C997-4E16-A7D3-EB81FCC26CBB}"
EndProject
Project("{8BC9CEB8-8B4A-11D0-8D11-00A0C91BC942}") = "9. Reorder List", "9. Reorder List\9. Reorder List.vcxproj", "{0F4F4A61-8C93-442D-9934-7C54D4D3726E}"
EndProject
Project("{8BC9CEB8-8B4A-11D0-8D11-00A0C91BC942}") = "10. Linked List Cycle II", "10. Linked List Cycle II\10. Linked List Cycle II.vcxproj", "{F5FC04FA-BA7B-444E-A4BD-99367F7F73F4}"
EndProject
Project("{8BC9CEB8-8B4A-11D0-8D11-00A0C91BC942}") = "11. Linked List Cycle", "11. Linked List Cycle\11. Linked List Cycle.vcxproj", "{EED6A3D1-3206-4FBF-8955-46905EE4CEBF}"
EndProject
Project("{8BC9CEB8-8B4A-11D0-8D11-00A0C91BC942}") = "12. Word Break II", "12. Word Break II\12. Word Break II.vcxproj", "{17188D34-3DA1-42E7-99BC-2AF84E7E1364}"
EndProject
Project("{8BC9CEB8-8B4A-11D0-8D11-00A0C91BC942}") = "13. Word Break", "13. Word Break\13. Word Break.vcxproj", "{4972AC07-8D3F-4EE4-8C89-47E52922E9CE}"
EndProject
Project("{8BC9CEB8-8B4A-11D0-8D11-00A0C91BC942}") = "14. Copy List with Random Pointer", "14. Copy List with Random Pointer\14. Copy List with Random Pointer.vcxproj", "{BA352832-7ECE-4CAC-8A34-B30D8880A6E1}"
EndProject
Project("{8BC9CEB8-8B4A-11D0-8D11-00A0C91BC942}") = "16. Single Number", "16. Single Number\16. Single Number.vcxproj", "{A19D6CA7-E8F9-4D19-9727-7F57CC616944}"
EndProject
Project("{8BC9CEB8-8B4A-11D0-8D11-00A0C91BC942}") = "15. Single Number II", "15. Single Number II\15. Single Number II.vcxproj", "{6B6AB9FA-D389-4E51-8095-C8E13D90FD16}"
EndProject
Project("{8BC9CEB8-8B4A-11D0-8D11-00A0C91BC942}") = "17. Candy", "17. Candy\17. Candy.vcxproj", "{768AB546-2C49-48D3-81E1-207E5DF5C4AF}"
EndProject
Project("{8BC9CEB8-8B4A-11D0-8D11-00A0C91BC942}") = "18. Gas Station", "18. Gas Station\18. Gas Station.vcxproj", "{21609C3C-DF0B-4F8E-9D90-83E6C1038943}"
EndProject
Project("{8BC9CEB8-8B4A-11D0-8D11-00A0C91BC942}") = "19. Clone Graph", "19. Clone Graph\19. Clone Graph.vcxproj", "{5237826F-449C-4863-9E15-2A7A1DFED835}"
EndProject
Project("{8BC9CEB8-8B4A-11D0-8D11-00A0C91BC942}") = "20. Palindrome Partitioning II", "20. Palindrome Partitioning II\20. Palindrome Partitioning II.vcxproj", "{FD20FC2A-0DFC-410B-A78B-B28D24ECE0E1}"
EndProject
Project("{8BC9CEB8-8B4A-11D0-8D11-00A0C91BC942}") = "21. Palindrome Partitioning", "21. Palindrome Partitioning\21. Palindrome Partitioning.vcxproj", "{895588F9-F8CC-4F7A-8519-29F89AE022BB}"
EndProject
Project("{8BC9CEB8-8B4A-11D0-8D11-00A0C91BC942}") = "22. Surrounded Regions", "22. Surrounded Regions\22. Surrounded Regions.vcxproj", "{DA165DE6-637B-4A63-93A1-F0F98DE1C430}"
EndProject
Project("{8BC9CEB8-8B4A-11D0-8D11-00A0C91BC942}") = "23. Sum Root to Leaf Numbers", "23. Sum Root to Leaf Numbers\23. Sum Root to Leaf Numbers.vcxproj", "{0036AEC9-D5ED-4A4A-8CA5-92EF548FAC20}"
EndProject
Project("{8BC9CEB8-8B4A-11D0-8D11-00A0C91BC942}") = "24. Longest Consecutive Sequence", "24. Longest Consecutive Sequence\24. Longest Consecutive Sequence.vcxproj", "{77856B8F-9B03-49B9-8623-A9BE5B6A1A24}"
EndProject
Project("{8BC9CEB8-8B4A-11D0-8D11-00A0C91BC942}") = "25. Word Ladder II", "25. Word Ladder II\25. Word Ladder II.vcxproj", "{CFC56999-8410-46FE-AF33-00872354F893}"
EndProject
Project("{8BC9CEB8-8B4A-11D0-8D11-00A0C91BC942}") = "26. Word Ladder", "26. Word Ladder\26. Word Ladder.vcxproj", "{FBBED3BD-C1E0-4B4D-8051-3BDBC8518819}"
EndProject
Project("{8BC9CEB8-8B4A-11D0-8D11-00A0C91BC942}") = "27. Valid Palindrome", "27. Valid Palindrome\27. Valid Palindrome.vcxproj", "{46404EC9-9B4A-4F8A-B0DE-47362C48A5AB}"
EndProject
Project("{8BC9CEB8-8B4A-11D0-8D11-00A0C91BC942}") = "28. Binary Tree Maximum Path Sum", "28. Binary Tree Maximum Path Sum\28. Binary Tree Maximum Path Sum.vcxproj", "{6D779E55-604E-49CF-8A6F-398936C39795}"
EndProject
Project("{8BC9CEB8-8B4A-11D0-8D11-00A0C91BC942}") = "29. Best Time to Buy and Sell Stock III", "29. Best Time to Buy and Sell Stock III\29. Best Time to Buy and Sell Stock III.vcxproj", "{B7804D9D-FE6F-4779-906B-43657FC6B5E8}"
EndProject
Project("{8BC9CEB8-8B4A-11D0-8D11-00A0C91BC942}") = "30. Best Time to Buy and Sell Stock II", "30. Best Time to Buy and Sell Stock II\30. Best Time to Buy and Sell Stock II.vcxproj", "{38580313-4FAD-44FA-A327-EC44004EFF6F}"
EndProject
Project("{8BC9CEB8-8B4A-11D0-8D11-00A0C91BC942}") = "31. Best Time to Buy and Sell Stock", "31. Best Time to Buy and Sell Stock\31. Best Time to Buy and Sell Stock.vcxproj", "{F2C76A53-6AAB-4727-92C9-A24DCCB94068}"
EndProject
Project("{8BC9CEB8-8B4A-11D0-8D11-00A0C91BC942}") = "32. Triangle", "32. Triangle\32. Triangle.vcxproj", "{083C26B4-F759-4587-B154-751C30AE2AAE}"
EndProject
Project("{8BC9CEB8-8B4A-11D0-8D11-00A0C91BC942}") = "33. Pascal's Triangle II", "33. Pascal's Triangle II\33. Pascal's Triangle II.vcxproj", "{A44203F6-BAA0-48A6-8FB9-AF51F3E43DCD}"
EndProject
Project("{8BC9CEB8-8B4A-11D0-8D11-00A0C91BC942}") = "34. Pascal's Triangle", "34. Pascal's Triangle\34. Pascal's Triangle.vcxproj", "{C14F98DD-143E-4D2E-9F9D-732B94680135}"
EndProject
Project("{8BC9CEB8-8B4A-11D0-8D11-00A0C91BC942}") = "35. Populating Next Right Pointers in Each Node II", "35. Populating Next Right Pointers in Each Node II\35. Populating Next Right Pointers in Each Node II.vcxproj", "{7E38A13B-72FE-4E8B-BB74-6C4F13236FB5}"
EndProject
Project("{8BC9CEB8-8B4A-11D0-8D11-00A0C91BC942}") = "36. Populating Next Right Pointers in Each Node", "36. Populating Next Right Pointers in Each Node\36. Populating Next Right Pointers in Each Node.vcxproj", "{0688606C-4780-4322-B671-2EA599A7A4A8}"
EndProject
Project("{8BC9CEB8-8B4A-11D0-8D11-00A0C91BC942}") = "37. Distinct Subsequences", "37. Distinct Subsequences\37. Distinct Subsequences.vcxproj", "{FC6A9730-3887-48DF-BA93-46C844E505FD}"
EndProject
Project("{8BC9CEB8-8B4A-11D0-8D11-00A0C91BC942}") = "38. Flatten Binary Tree to Linked List", "38. Flatten Binary Tree to Linked List\38. Flatten Binary Tree to Linked List.vcxproj", "{8600B91C-C439-40EB-9884-930A2ED6FCC4}"
EndProject
Project("{8BC9CEB8-8B4A-11D0-8D11-00A0C91BC942}") = "39. Path Sum II", "39. Path Sum II\39. Path Sum II.vcxproj", "{5A58E7E5-81B6-4221-8961-3C0EA0C71721}"
EndProject
Project("{8BC9CEB8-8B4A-11D0-8D11-00A0C91BC942}") = "40. Path Sum", "40. Path Sum\40. Path Sum.vcxproj", "{BED9338F-80BB-42E3-A415-2C6DB96657B7}"
EndProject
Project("{8BC9CEB8-8B4A-11D0-8D11-00A0C91BC942}") = "41. Minimum Depth of Binary Tree", "41. Minimum Depth of Binary Tree\41. Minimum Depth of Binary Tree.vcxproj", "{0CC0D6A8-A732-4E00-A3A6-1632410068A6}"
EndProject
Project("{8BC9CEB8-8B4A-11D0-8D11-00A0C91BC942}") = "42. Balanced Binary Tree", "42. Balanced Binary Tree\42. Balanced Binary Tree.vcxproj", "{3B74B8E4-368E-4561-967B-BC6F9319F6C7}"
EndProject
Project("{8BC9CEB8-8B4A-11D0-8D11-00A0C91BC942}") = "43. Convert Sorted List to Binary Search Tree", "43. Convert Sorted List to Binary Search Tree\43. Convert Sorted List to Binary Search Tree.vcxproj", "{567A33FD-3458-48BE-B5A7-324373719AF8}"
EndProject
Project("{8BC9CEB8-8B4A-11D0-8D11-00A0C91BC942}") = "44. Convert Sorted Array to Binary Search Tree", "44. Convert Sorted Array to Binary Search Tree\44. Convert Sorted Array to Binary Search Tree.vcxproj", "{C83D7D2D-3F5F-4788-8CDB-299B8158DA24}"
EndProject
Project("{8BC9CEB8-8B4A-11D0-8D11-00A0C91BC942}") = "45. Binary Tree Level Order Traversal II", "45. Binary Tree Level Order Traversal II\45. Binary Tree Level Order Traversal II.vcxproj", "{4A8C5F9B-244D-466D-BB51-CD06E803BF9B}"
EndProject
Project("{8BC9CEB8-8B4A-11D0-8D11-00A0C91BC942}") = "50. Binary Tree Level Order Traversal", "50. Binary Tree Level Order Traversal\50. Binary Tree Level Order Traversal.vcxproj", "{7E9754B2-96BA-43E3-A4A7-C97EAF7AE78C}"
EndProject
Project("{8BC9CEB8-8B4A-11D0-8D11-00A0C91BC942}") = "46. Construct Binary Tree from Inorder and Postorder Traversal", "46. Construct Binary Tree from Inorder and Postorder Traversal\46. Construct Binary Tree from Inorder and Postorder Traversal.vcxproj", "{01A29B39-03D5-43C4-8E11-B4B4F391DE7C}"
EndProject
Project("{8BC9CEB8-8B4A-11D0-8D11-00A0C91BC942}") = "47. Construct Binary Tree from Preorder and Inorder Traversal", "47. Construct Binary Tree from Preorder and Inorder Traversal\47. Construct Binary Tree from Preorder and Inorder Traversal.vcxproj", "{4B47B1A6-B30C-4491-BADD-188FE096DEE9}"
EndProject
Project("{8BC9CEB8-8B4A-11D0-8D11-00A0C91BC942}") = "48. Maximum Depth of Binary Tree", "48. Maximum Depth of Binary Tree\48. Maximum Depth of Binary Tree.vcxproj", "{DED0C53C-3236-495D-B0CE-FC9CA1696C13}"
EndProject
Project("{8BC9CEB8-8B4A-11D0-8D11-00A0C91BC942}") = "49. Binary Tree Zigzag Level Order Traversal", "49. Binary Tree Zigzag Level Order Traversal\49. Binary Tree Zigzag Level Order Traversal.vcxproj", "{E8466000-3733-4942-B8C5-AB9C4A9D6775}"
EndProject
Project("{8BC9CEB8-8B4A-11D0-8D11-00A0C91BC942}") = "51. Symmetric Tree", "51. Symmetric Tree\51. Symmetric Tree.vcxproj", "{48575BDA-3410-489F-8535-ED0CB848D0EC}"
EndProject
Project("{8BC9CEB8-8B4A-11D0-8D11-00A0C91BC942}") = "52. Same Tree", "52. Same Tree\52. Same Tree.vcxproj", "{859386FD-74EB-4EF8-B8F4-146DCB1F14DB}"
EndProject
Project("{8BC9CEB8-8B4A-11D0-8D11-00A0C91BC942}") = "53. Recover Binary Search Tree", "53. Recover Binary Search Tree\53. Recover Binary Search Tree.vcxproj", "{52C1FF24-A62C-4629-8A02-3A73B5CF5462}"
EndProject
Project("{8BC9CEB8-8B4A-11D0-8D11-00A0C91BC942}") = "54. Validate Binary Search Tree", "54. Validate Binary Search Tree\54. Validate Binary Search Tree.vcxproj", "{DF773B2C-AC9A-41D4-9A77-12EB199B9BE3}"
EndProject
Project("{8BC9CEB8-8B4A-11D0-8D11-00A0C91BC942}") = "55. Interleaving String", "55. Interleaving String\55. Interleaving String.vcxproj", "{68A018E7-5D76-4711-8F31-ED15AEDB218C}"
EndProject
Project("{8BC9CEB8-8B4A-11D0-8D11-00A0C91BC942}") = "56. Unique Binary Search Trees II", "56. Unique Binary Search Trees II\56. Unique Binary Search Trees II.vcxproj", "{EA18A565-06D2-48AA-B32C-8109DD8FA2A2}"
EndProject
Project("{8BC9CEB8-8B4A-11D0-8D11-00A0C91BC942}") = "57. Unique Binary Search Trees", "57. Unique Binary Search Trees\57. Unique Binary Search Trees.vcxproj", "{FBF14BEB-2E0F-419F-84E4-E923EBA50A53}"
EndProject
Project("{8BC9CEB8-8B4A-11D0-8D11-00A0C91BC942}") = "58. Binary Tree Inorder Traversal", "58. Binary Tree Inorder Traversal\58. Binary Tree Inorder Traversal.vcxproj", "{8ACEF0D2-5148-4086-AB43-3096666D7DDB}"
EndProject
Project("{8BC9CEB8-8B4A-11D0-8D11-00A0C91BC942}") = "59. Restore IP Addresses", "59. Restore IP Addresses\59. Restore IP Addresses.vcxproj", "{2B9EB230-1A90-4D73-85A2-2AC7148B702C}"
EndProject
Project("{8BC9CEB8-8B4A-11D0-8D11-00A0C91BC942}") = "60. Reverse Linked List II", "60. Reverse Linked List II\60. Reverse Linked List II.vcxproj", "{CB6FF20D-475D-46E4-BEC8-D6964DB87DE6}"
EndProject
Project("{8BC9CEB8-8B4A-11D0-8D11-00A0C91BC942}") = "61. Subsets II", "61. Subsets II\61. Subsets II.vcxproj", "{09A9A3E7-4362-4085-BFBF-F29EC053709D}"
EndProject
Project("{8BC9CEB8-8B4A-11D0-8D11-00A0C91BC942}") = "62. Decode Ways", "62. Decode Ways\62. Decode Ways.vcxproj", "{9B47CA31-5B41-4A67-BDD2-17EF9EA029E9}"
EndProject
Project("{8BC9CEB8-8B4A-11D0-8D11-00A0C91BC942}") = "63.  Gray Code", "63.  Gray Code\63.  Gray Code.vcxproj", "{75AE3670-69BE-43D6-91A5-344E27694E25}"
EndProject
Project("{8BC9CEB8-8B4A-11D0-8D11-00A0C91BC942}") = "64. Merge Sorted Array", "64. Merge Sorted Array\64. Merge Sorted Array.vcxproj", "{C6FADC74-CE2A-4080-92EC-AF64D8E1F952}"
EndProject
Project("{8BC9CEB8-8B4A-11D0-8D11-00A0C91BC942}") = "65. Scramble String", "65. Scramble String\65. Scramble String.vcxproj", "{289737AD-7CA6-44BD-8735-380CA341F9F9}"
EndProject
Project("{8BC9CEB8-8B4A-11D0-8D11-00A0C91BC942}") = "66. Partition List", "66. Partition List\66. Partition List.vcxproj", "{03BAEEDA-6472-4930-A6A1-528DF2E8DF3B}"
EndProject
Project("{8BC9CEB8-8B4A-11D0-8D11-00A0C91BC942}") = "67. Maximal Rectangle", "67. Maximal Rectangle\67. Maximal Rectangle.vcxproj", "{A9FC7ED3-8311-4F47-86D8-3CA8A35BF925}"
EndProject
Project("{8BC9CEB8-8B4A-11D0-8D11-00A0C91BC942}") = "68. Largest Rectangle in Histogram", "68. Largest Rectangle in Histogram\68. Largest Rectangle in Histogram.vcxproj", "{9A1EDE4B-1609-4BBA-AD3B-BEE702EF6667}"
EndProject
Project("{8BC9CEB8-8B4A-11D0-8D11-00A0C91BC942}") = "69. Remove Duplicates from Sorted List II", "69. Remove Duplicates from Sorted List II\69. Remove Duplicates from Sorted List II.vcxproj", "{79CBB28B-A7C2-4302-B957-1F3D38C4E645}"
EndProject
Project("{8BC9CEB8-8B4A-11D0-8D11-00A0C91BC942}") = "70. Remove Duplicates from Sorted List", "70. Remove Duplicates from Sorted List\70. Remove Duplicates from Sorted List.vcxproj", "{7D6D7980-7BE5-4028-B01C-5472A57CF6B8}"
EndProject
Project("{8BC9CEB8-8B4A-11D0-8D11-00A0C91BC942}") = "71. Search in Rotated Sorted Array II", "71. Search in Rotated Sorted Array II\71. Search in Rotated Sorted Array II.vcxproj", "{AEBF65CF-6660-4AC7-A6F5-7BD1B5C9AAC3}"
EndProject
Project("{8BC9CEB8-8B4A-11D0-8D11-00A0C91BC942}") = "72. Remove Duplicates from Sorted Array II", "72. Remove Duplicates from Sorted Array II\72. Remove Duplicates from Sorted Array II.vcxproj", "{2C3F5E9E-FDCA-491E-90B8-710D8271E4CD}"
EndProject
Project("{8BC9CEB8-8B4A-11D0-8D11-00A0C91BC942}") = "73. Word Search", "73. Word Search\73. Word Search.vcxproj", "{46B92704-BE67-408A-BF55-08CD8D239D4A}"
EndProject
Project("{8BC9CEB8-8B4A-11D0-8D11-00A0C91BC942}") = "120. Search in Rotated Sorted Array", "120. Search in Rotated Sorted Array\120. Search in Rotated Sorted Array.vcxproj", "{1FE37448-B3C2-4D7A-A74B-22B1B745AE1C}"
EndProject
Project("{8BC9CEB8-8B4A-11D0-8D11-00A0C91BC942}") = "127. Remove Duplicates from Sorted Array", "127. Remove Duplicates from Sorted Array\127. Remove Duplicates from Sorted Array.vcxproj", "{8BD8C896-DF52-4C7C-95F8-6B28D952CEFF}"
EndProject
Project("{8BC9CEB8-8B4A-11D0-8D11-00A0C91BC942}") = "74. Subsets", "74. Subsets\74. Subsets.vcxproj", "{9FF0F053-7F1D-45BF-92E7-915326AFF051}"
EndProject
Project("{8BC9CEB8-8B4A-11D0-8D11-00A0C91BC942}") = "75. Combinations", "75. Combinations\75. Combinations.vcxproj", "{BC47002D-5484-47A5-BCB5-1D5CAA0CC953}"
EndProject
Project("{8BC9CEB8-8B4A-11D0-8D11-00A0C91BC942}") = "76. Minimum Window Substring", "76. Minimum Window Substring\76. Minimum Window Substring.vcxproj", "{A4369D52-323B-436A-A95F-E2A646C18D6C}"
EndProject
Global
	GlobalSection(SolutionConfigurationPlatforms) = preSolution
		Debug|Win32 = Debug|Win32
		Release|Win32 = Release|Win32
	EndGlobalSection
	GlobalSection(ProjectConfigurationPlatforms) = postSolution
		{06AA8F07-21B2-4513-BC1A-76E32F8C3473}.Debug|Win32.ActiveCfg = Debug|Win32
		{06AA8F07-21B2-4513-BC1A-76E32F8C3473}.Debug|Win32.Build.0 = Debug|Win32
		{06AA8F07-21B2-4513-BC1A-76E32F8C3473}.Release|Win32.ActiveCfg = Release|Win32
		{06AA8F07-21B2-4513-BC1A-76E32F8C3473}.Release|Win32.Build.0 = Release|Win32
		{59E4D56C-4636-4D42-BC1C-04A6A6EE70FB}.Debug|Win32.ActiveCfg = Debug|Win32
		{59E4D56C-4636-4D42-BC1C-04A6A6EE70FB}.Debug|Win32.Build.0 = Debug|Win32
		{59E4D56C-4636-4D42-BC1C-04A6A6EE70FB}.Release|Win32.ActiveCfg = Release|Win32
		{59E4D56C-4636-4D42-BC1C-04A6A6EE70FB}.Release|Win32.Build.0 = Release|Win32
		{B1B8B1F9-E6B8-49A8-A6E0-7965B0621F17}.Debug|Win32.ActiveCfg = Debug|Win32
		{B1B8B1F9-E6B8-49A8-A6E0-7965B0621F17}.Debug|Win32.Build.0 = Debug|Win32
		{B1B8B1F9-E6B8-49A8-A6E0-7965B0621F17}.Release|Win32.ActiveCfg = Release|Win32
		{B1B8B1F9-E6B8-49A8-A6E0-7965B0621F17}.Release|Win32.Build.0 = Release|Win32
		{D77B9B34-8B21-4ED6-98AB-7E46114FD02F}.Debug|Win32.ActiveCfg = Debug|Win32
		{D77B9B34-8B21-4ED6-98AB-7E46114FD02F}.Debug|Win32.Build.0 = Debug|Win32
		{D77B9B34-8B21-4ED6-98AB-7E46114FD02F}.Release|Win32.ActiveCfg = Release|Win32
		{D77B9B34-8B21-4ED6-98AB-7E46114FD02F}.Release|Win32.Build.0 = Release|Win32
		{156047AF-4EAF-437C-A369-A93230380616}.Debug|Win32.ActiveCfg = Debug|Win32
		{156047AF-4EAF-437C-A369-A93230380616}.Debug|Win32.Build.0 = Debug|Win32
		{156047AF-4EAF-437C-A369-A93230380616}.Release|Win32.ActiveCfg = Release|Win32
		{156047AF-4EAF-437C-A369-A93230380616}.Release|Win32.Build.0 = Release|Win32
		{E6E8CD24-D22E-492B-B114-8FDDAF64579C}.Debug|Win32.ActiveCfg = Debug|Win32
		{E6E8CD24-D22E-492B-B114-8FDDAF64579C}.Debug|Win32.Build.0 = Debug|Win32
		{E6E8CD24-D22E-492B-B114-8FDDAF64579C}.Release|Win32.ActiveCfg = Release|Win32
		{E6E8CD24-D22E-492B-B114-8FDDAF64579C}.Release|Win32.Build.0 = Release|Win32
		{1E3519DA-656C-4B56-8750-6E84EB499BB8}.Debug|Win32.ActiveCfg = Debug|Win32
		{1E3519DA-656C-4B56-8750-6E84EB499BB8}.Debug|Win32.Build.0 = Debug|Win32
		{1E3519DA-656C-4B56-8750-6E84EB499BB8}.Release|Win32.ActiveCfg = Release|Win32
		{1E3519DA-656C-4B56-8750-6E84EB499BB8}.Release|Win32.Build.0 = Release|Win32
		{64B09BDF-C997-4E16-A7D3-EB81FCC26CBB}.Debug|Win32.ActiveCfg = Debug|Win32
		{64B09BDF-C997-4E16-A7D3-EB81FCC26CBB}.Debug|Win32.Build.0 = Debug|Win32
		{64B09BDF-C997-4E16-A7D3-EB81FCC26CBB}.Release|Win32.ActiveCfg = Release|Win32
		{64B09BDF-C997-4E16-A7D3-EB81FCC26CBB}.Release|Win32.Build.0 = Release|Win32
		{0F4F4A61-8C93-442D-9934-7C54D4D3726E}.Debug|Win32.ActiveCfg = Debug|Win32
		{0F4F4A61-8C93-442D-9934-7C54D4D3726E}.Debug|Win32.Build.0 = Debug|Win32
		{0F4F4A61-8C93-442D-9934-7C54D4D3726E}.Release|Win32.ActiveCfg = Release|Win32
		{0F4F4A61-8C93-442D-9934-7C54D4D3726E}.Release|Win32.Build.0 = Release|Win32
		{F5FC04FA-BA7B-444E-A4BD-99367F7F73F4}.Debug|Win32.ActiveCfg = Debug|Win32
		{F5FC04FA-BA7B-444E-A4BD-99367F7F73F4}.Debug|Win32.Build.0 = Debug|Win32
		{F5FC04FA-BA7B-444E-A4BD-99367F7F73F4}.Release|Win32.ActiveCfg = Release|Win32
		{F5FC04FA-BA7B-444E-A4BD-99367F7F73F4}.Release|Win32.Build.0 = Release|Win32
		{EED6A3D1-3206-4FBF-8955-46905EE4CEBF}.Debug|Win32.ActiveCfg = Debug|Win32
		{EED6A3D1-3206-4FBF-8955-46905EE4CEBF}.Debug|Win32.Build.0 = Debug|Win32
		{EED6A3D1-3206-4FBF-8955-46905EE4CEBF}.Release|Win32.ActiveCfg = Release|Win32
		{EED6A3D1-3206-4FBF-8955-46905EE4CEBF}.Release|Win32.Build.0 = Release|Win32
		{17188D34-3DA1-42E7-99BC-2AF84E7E1364}.Debug|Win32.ActiveCfg = Debug|Win32
		{17188D34-3DA1-42E7-99BC-2AF84E7E1364}.Debug|Win32.Build.0 = Debug|Win32
		{17188D34-3DA1-42E7-99BC-2AF84E7E1364}.Release|Win32.ActiveCfg = Release|Win32
		{17188D34-3DA1-42E7-99BC-2AF84E7E1364}.Release|Win32.Build.0 = Release|Win32
		{4972AC07-8D3F-4EE4-8C89-47E52922E9CE}.Debug|Win32.ActiveCfg = Debug|Win32
		{4972AC07-8D3F-4EE4-8C89-47E52922E9CE}.Debug|Win32.Build.0 = Debug|Win32
		{4972AC07-8D3F-4EE4-8C89-47E52922E9CE}.Release|Win32.ActiveCfg = Release|Win32
		{4972AC07-8D3F-4EE4-8C89-47E52922E9CE}.Release|Win32.Build.0 = Release|Win32
		{BA352832-7ECE-4CAC-8A34-B30D8880A6E1}.Debug|Win32.ActiveCfg = Debug|Win32
		{BA352832-7ECE-4CAC-8A34-B30D8880A6E1}.Debug|Win32.Build.0 = Debug|Win32
		{BA352832-7ECE-4CAC-8A34-B30D8880A6E1}.Release|Win32.ActiveCfg = Release|Win32
		{BA352832-7ECE-4CAC-8A34-B30D8880A6E1}.Release|Win32.Build.0 = Release|Win32
		{A19D6CA7-E8F9-4D19-9727-7F57CC616944}.Debug|Win32.ActiveCfg = Debug|Win32
		{A19D6CA7-E8F9-4D19-9727-7F57CC616944}.Debug|Win32.Build.0 = Debug|Win32
		{A19D6CA7-E8F9-4D19-9727-7F57CC616944}.Release|Win32.ActiveCfg = Release|Win32
		{A19D6CA7-E8F9-4D19-9727-7F57CC616944}.Release|Win32.Build.0 = Release|Win32
		{6B6AB9FA-D389-4E51-8095-C8E13D90FD16}.Debug|Win32.ActiveCfg = Debug|Win32
		{6B6AB9FA-D389-4E51-8095-C8E13D90FD16}.Debug|Win32.Build.0 = Debug|Win32
		{6B6AB9FA-D389-4E51-8095-C8E13D90FD16}.Release|Win32.ActiveCfg = Release|Win32
		{6B6AB9FA-D389-4E51-8095-C8E13D90FD16}.Release|Win32.Build.0 = Release|Win32
		{768AB546-2C49-48D3-81E1-207E5DF5C4AF}.Debug|Win32.ActiveCfg = Debug|Win32
		{768AB546-2C49-48D3-81E1-207E5DF5C4AF}.Debug|Win32.Build.0 = Debug|Win32
		{768AB546-2C49-48D3-81E1-207E5DF5C4AF}.Release|Win32.ActiveCfg = Release|Win32
		{768AB546-2C49-48D3-81E1-207E5DF5C4AF}.Release|Win32.Build.0 = Release|Win32
		{21609C3C-DF0B-4F8E-9D90-83E6C1038943}.Debug|Win32.ActiveCfg = Debug|Win32
		{21609C3C-DF0B-4F8E-9D90-83E6C1038943}.Debug|Win32.Build.0 = Debug|Win32
		{21609C3C-DF0B-4F8E-9D90-83E6C1038943}.Release|Win32.ActiveCfg = Release|Win32
		{21609C3C-DF0B-4F8E-9D90-83E6C1038943}.Release|Win32.Build.0 = Release|Win32
		{5237826F-449C-4863-9E15-2A7A1DFED835}.Debug|Win32.ActiveCfg = Debug|Win32
		{5237826F-449C-4863-9E15-2A7A1DFED835}.Debug|Win32.Build.0 = Debug|Win32
		{5237826F-449C-4863-9E15-2A7A1DFED835}.Release|Win32.ActiveCfg = Release|Win32
		{5237826F-449C-4863-9E15-2A7A1DFED835}.Release|Win32.Build.0 = Release|Win32
		{FD20FC2A-0DFC-410B-A78B-B28D24ECE0E1}.Debug|Win32.ActiveCfg = Debug|Win32
		{FD20FC2A-0DFC-410B-A78B-B28D24ECE0E1}.Debug|Win32.Build.0 = Debug|Win32
		{FD20FC2A-0DFC-410B-A78B-B28D24ECE0E1}.Release|Win32.ActiveCfg = Release|Win32
		{FD20FC2A-0DFC-410B-A78B-B28D24ECE0E1}.Release|Win32.Build.0 = Release|Win32
		{895588F9-F8CC-4F7A-8519-29F89AE022BB}.Debug|Win32.ActiveCfg = Debug|Win32
		{895588F9-F8CC-4F7A-8519-29F89AE022BB}.Debug|Win32.Build.0 = Debug|Win32
		{895588F9-F8CC-4F7A-8519-29F89AE022BB}.Release|Win32.ActiveCfg = Release|Win32
		{895588F9-F8CC-4F7A-8519-29F89AE022BB}.Release|Win32.Build.0 = Release|Win32
		{DA165DE6-637B-4A63-93A1-F0F98DE1C430}.Debug|Win32.ActiveCfg = Debug|Win32
		{DA165DE6-637B-4A63-93A1-F0F98DE1C430}.Debug|Win32.Build.0 = Debug|Win32
		{DA165DE6-637B-4A63-93A1-F0F98DE1C430}.Release|Win32.ActiveCfg = Release|Win32
		{DA165DE6-637B-4A63-93A1-F0F98DE1C430}.Release|Win32.Build.0 = Release|Win32
		{0036AEC9-D5ED-4A4A-8CA5-92EF548FAC20}.Debug|Win32.ActiveCfg = Debug|Win32
		{0036AEC9-D5ED-4A4A-8CA5-92EF548FAC20}.Debug|Win32.Build.0 = Debug|Win32
		{0036AEC9-D5ED-4A4A-8CA5-92EF548FAC20}.Release|Win32.ActiveCfg = Release|Win32
		{0036AEC9-D5ED-4A4A-8CA5-92EF548FAC20}.Release|Win32.Build.0 = Release|Win32
		{77856B8F-9B03-49B9-8623-A9BE5B6A1A24}.Debug|Win32.ActiveCfg = Debug|Win32
		{77856B8F-9B03-49B9-8623-A9BE5B6A1A24}.Debug|Win32.Build.0 = Debug|Win32
		{77856B8F-9B03-49B9-8623-A9BE5B6A1A24}.Release|Win32.ActiveCfg = Release|Win32
		{77856B8F-9B03-49B9-8623-A9BE5B6A1A24}.Release|Win32.Build.0 = Release|Win32
		{CFC56999-8410-46FE-AF33-00872354F893}.Debug|Win32.ActiveCfg = Debug|Win32
		{CFC56999-8410-46FE-AF33-00872354F893}.Debug|Win32.Build.0 = Debug|Win32
		{CFC56999-8410-46FE-AF33-00872354F893}.Release|Win32.ActiveCfg = Release|Win32
		{CFC56999-8410-46FE-AF33-00872354F893}.Release|Win32.Build.0 = Release|Win32
		{FBBED3BD-C1E0-4B4D-8051-3BDBC8518819}.Debug|Win32.ActiveCfg = Debug|Win32
		{FBBED3BD-C1E0-4B4D-8051-3BDBC8518819}.Debug|Win32.Build.0 = Debug|Win32
		{FBBED3BD-C1E0-4B4D-8051-3BDBC8518819}.Release|Win32.ActiveCfg = Release|Win32
		{FBBED3BD-C1E0-4B4D-8051-3BDBC8518819}.Release|Win32.Build.0 = Release|Win32
		{46404EC9-9B4A-4F8A-B0DE-47362C48A5AB}.Debug|Win32.ActiveCfg = Debug|Win32
		{46404EC9-9B4A-4F8A-B0DE-47362C48A5AB}.Debug|Win32.Build.0 = Debug|Win32
		{46404EC9-9B4A-4F8A-B0DE-47362C48A5AB}.Release|Win32.ActiveCfg = Release|Win32
		{46404EC9-9B4A-4F8A-B0DE-47362C48A5AB}.Release|Win32.Build.0 = Release|Win32
		{6D779E55-604E-49CF-8A6F-398936C39795}.Debug|Win32.ActiveCfg = Debug|Win32
		{6D779E55-604E-49CF-8A6F-398936C39795}.Debug|Win32.Build.0 = Debug|Win32
		{6D779E55-604E-49CF-8A6F-398936C39795}.Release|Win32.ActiveCfg = Release|Win32
		{6D779E55-604E-49CF-8A6F-398936C39795}.Release|Win32.Build.0 = Release|Win32
		{B7804D9D-FE6F-4779-906B-43657FC6B5E8}.Debug|Win32.ActiveCfg = Debug|Win32
		{B7804D9D-FE6F-4779-906B-43657FC6B5E8}.Debug|Win32.Build.0 = Debug|Win32
		{B7804D9D-FE6F-4779-906B-43657FC6B5E8}.Release|Win32.ActiveCfg = Release|Win32
		{B7804D9D-FE6F-4779-906B-43657FC6B5E8}.Release|Win32.Build.0 = Release|Win32
		{38580313-4FAD-44FA-A327-EC44004EFF6F}.Debug|Win32.ActiveCfg = Debug|Win32
		{38580313-4FAD-44FA-A327-EC44004EFF6F}.Debug|Win32.Build.0 = Debug|Win32
		{38580313-4FAD-44FA-A327-EC44004EFF6F}.Release|Win32.ActiveCfg = Release|Win32
		{38580313-4FAD-44FA-A327-EC44004EFF6F}.Release|Win32.Build.0 = Release|Win32
		{F2C76A53-6AAB-4727-92C9-A24DCCB94068}.Debug|Win32.ActiveCfg = Debug|Win32
		{F2C76A53-6AAB-4727-92C9-A24DCCB94068}.Debug|Win32.Build.0 = Debug|Win32
		{F2C76A53-6AAB-4727-92C9-A24DCCB94068}.Release|Win32.ActiveCfg = Release|Win32
		{F2C76A53-6AAB-4727-92C9-A24DCCB94068}.Release|Win32.Build.0 = Release|Win32
		{083C26B4-F759-4587-B154-751C30AE2AAE}.Debug|Win32.ActiveCfg = Debug|Win32
		{083C26B4-F759-4587-B154-751C30AE2AAE}.Debug|Win32.Build.0 = Debug|Win32
		{083C26B4-F759-4587-B154-751C30AE2AAE}.Release|Win32.ActiveCfg = Release|Win32
		{083C26B4-F759-4587-B154-751C30AE2AAE}.Release|Win32.Build.0 = Release|Win32
		{A44203F6-BAA0-48A6-8FB9-AF51F3E43DCD}.Debug|Win32.ActiveCfg = Debug|Win32
		{A44203F6-BAA0-48A6-8FB9-AF51F3E43DCD}.Debug|Win32.Build.0 = Debug|Win32
		{A44203F6-BAA0-48A6-8FB9-AF51F3E43DCD}.Release|Win32.ActiveCfg = Release|Win32
		{A44203F6-BAA0-48A6-8FB9-AF51F3E43DCD}.Release|Win32.Build.0 = Release|Win32
		{C14F98DD-143E-4D2E-9F9D-732B94680135}.Debug|Win32.ActiveCfg = Debug|Win32
		{C14F98DD-143E-4D2E-9F9D-732B94680135}.Debug|Win32.Build.0 = Debug|Win32
		{C14F98DD-143E-4D2E-9F9D-732B94680135}.Release|Win32.ActiveCfg = Release|Win32
		{C14F98DD-143E-4D2E-9F9D-732B94680135}.Release|Win32.Build.0 = Release|Win32
		{7E38A13B-72FE-4E8B-BB74-6C4F13236FB5}.Debug|Win32.ActiveCfg = Debug|Win32
		{7E38A13B-72FE-4E8B-BB74-6C4F13236FB5}.Debug|Win32.Build.0 = Debug|Win32
		{7E38A13B-72FE-4E8B-BB74-6C4F13236FB5}.Release|Win32.ActiveCfg = Release|Win32
		{7E38A13B-72FE-4E8B-BB74-6C4F13236FB5}.Release|Win32.Build.0 = Release|Win32
		{0688606C-4780-4322-B671-2EA599A7A4A8}.Debug|Win32.ActiveCfg = Debug|Win32
		{0688606C-4780-4322-B671-2EA599A7A4A8}.Debug|Win32.Build.0 = Debug|Win32
		{0688606C-4780-4322-B671-2EA599A7A4A8}.Release|Win32.ActiveCfg = Release|Win32
		{0688606C-4780-4322-B671-2EA599A7A4A8}.Release|Win32.Build.0 = Release|Win32
		{FC6A9730-3887-48DF-BA93-46C844E505FD}.Debug|Win32.ActiveCfg = Debug|Win32
		{FC6A9730-3887-48DF-BA93-46C844E505FD}.Debug|Win32.Build.0 = Debug|Win32
		{FC6A9730-3887-48DF-BA93-46C844E505FD}.Release|Win32.ActiveCfg = Release|Win32
		{FC6A9730-3887-48DF-BA93-46C844E505FD}.Release|Win32.Build.0 = Release|Win32
		{8600B91C-C439-40EB-9884-930A2ED6FCC4}.Debug|Win32.ActiveCfg = Debug|Win32
		{8600B91C-C439-40EB-9884-930A2ED6FCC4}.Debug|Win32.Build.0 = Debug|Win32
		{8600B91C-C439-40EB-9884-930A2ED6FCC4}.Release|Win32.ActiveCfg = Release|Win32
		{8600B91C-C439-40EB-9884-930A2ED6FCC4}.Release|Win32.Build.0 = Release|Win32
		{5A58E7E5-81B6-4221-8961-3C0EA0C71721}.Debug|Win32.ActiveCfg = Debug|Win32
		{5A58E7E5-81B6-4221-8961-3C0EA0C71721}.Debug|Win32.Build.0 = Debug|Win32
		{5A58E7E5-81B6-4221-8961-3C0EA0C71721}.Release|Win32.ActiveCfg = Release|Win32
		{5A58E7E5-81B6-4221-8961-3C0EA0C71721}.Release|Win32.Build.0 = Release|Win32
		{BED9338F-80BB-42E3-A415-2C6DB96657B7}.Debug|Win32.ActiveCfg = Debug|Win32
		{BED9338F-80BB-42E3-A415-2C6DB96657B7}.Debug|Win32.Build.0 = Debug|Win32
		{BED9338F-80BB-42E3-A415-2C6DB96657B7}.Release|Win32.ActiveCfg = Release|Win32
		{BED9338F-80BB-42E3-A415-2C6DB96657B7}.Release|Win32.Build.0 = Release|Win32
		{0CC0D6A8-A732-4E00-A3A6-1632410068A6}.Debug|Win32.ActiveCfg = Debug|Win32
		{0CC0D6A8-A732-4E00-A3A6-1632410068A6}.Debug|Win32.Build.0 = Debug|Win32
		{0CC0D6A8-A732-4E00-A3A6-1632410068A6}.Release|Win32.ActiveCfg = Release|Win32
		{0CC0D6A8-A732-4E00-A3A6-1632410068A6}.Release|Win32.Build.0 = Release|Win32
		{3B74B8E4-368E-4561-967B-BC6F9319F6C7}.Debug|Win32.ActiveCfg = Debug|Win32
		{3B74B8E4-368E-4561-967B-BC6F9319F6C7}.Debug|Win32.Build.0 = Debug|Win32
		{3B74B8E4-368E-4561-967B-BC6F9319F6C7}.Release|Win32.ActiveCfg = Release|Win32
		{3B74B8E4-368E-4561-967B-BC6F9319F6C7}.Release|Win32.Build.0 = Release|Win32
		{567A33FD-3458-48BE-B5A7-324373719AF8}.Debug|Win32.ActiveCfg = Debug|Win32
		{567A33FD-3458-48BE-B5A7-324373719AF8}.Debug|Win32.Build.0 = Debug|Win32
		{567A33FD-3458-48BE-B5A7-324373719AF8}.Release|Win32.ActiveCfg = Release|Win32
		{567A33FD-3458-48BE-B5A7-324373719AF8}.Release|Win32.Build.0 = Release|Win32
		{C83D7D2D-3F5F-4788-8CDB-299B8158DA24}.Debug|Win32.ActiveCfg = Debug|Win32
		{C83D7D2D-3F5F-4788-8CDB-299B8158DA24}.Debug|Win32.Build.0 = Debug|Win32
		{C83D7D2D-3F5F-4788-8CDB-299B8158DA24}.Release|Win32.ActiveCfg = Release|Win32
		{C83D7D2D-3F5F-4788-8CDB-299B8158DA24}.Release|Win32.Build.0 = Release|Win32
		{4A8C5F9B-244D-466D-BB51-CD06E803BF9B}.Debug|Win32.ActiveCfg = Debug|Win32
		{4A8C5F9B-244D-466D-BB51-CD06E803BF9B}.Debug|Win32.Build.0 = Debug|Win32
		{4A8C5F9B-244D-466D-BB51-CD06E803BF9B}.Release|Win32.ActiveCfg = Release|Win32
		{4A8C5F9B-244D-466D-BB51-CD06E803BF9B}.Release|Win32.Build.0 = Release|Win32
		{7E9754B2-96BA-43E3-A4A7-C97EAF7AE78C}.Debug|Win32.ActiveCfg = Debug|Win32
		{7E9754B2-96BA-43E3-A4A7-C97EAF7AE78C}.Debug|Win32.Build.0 = Debug|Win32
		{7E9754B2-96BA-43E3-A4A7-C97EAF7AE78C}.Release|Win32.ActiveCfg = Release|Win32
		{7E9754B2-96BA-43E3-A4A7-C97EAF7AE78C}.Release|Win32.Build.0 = Release|Win32
		{01A29B39-03D5-43C4-8E11-B4B4F391DE7C}.Debug|Win32.ActiveCfg = Debug|Win32
		{01A29B39-03D5-43C4-8E11-B4B4F391DE7C}.Debug|Win32.Build.0 = Debug|Win32
		{01A29B39-03D5-43C4-8E11-B4B4F391DE7C}.Release|Win32.ActiveCfg = Release|Win32
		{01A29B39-03D5-43C4-8E11-B4B4F391DE7C}.Release|Win32.Build.0 = Release|Win32
		{4B47B1A6-B30C-4491-BADD-188FE096DEE9}.Debug|Win32.ActiveCfg = Debug|Win32
		{4B47B1A6-B30C-4491-BADD-188FE096DEE9}.Debug|Win32.Build.0 = Debug|Win32
		{4B47B1A6-B30C-4491-BADD-188FE096DEE9}.Release|Win32.ActiveCfg = Release|Win32
		{4B47B1A6-B30C-4491-BADD-188FE096DEE9}.Release|Win32.Build.0 = Release|Win32
		{DED0C53C-3236-495D-B0CE-FC9CA1696C13}.Debug|Win32.ActiveCfg = Debug|Win32
		{DED0C53C-3236-495D-B0CE-FC9CA1696C13}.Debug|Win32.Build.0 = Debug|Win32
		{DED0C53C-3236-495D-B0CE-FC9CA1696C13}.Release|Win32.ActiveCfg = Release|Win32
		{DED0C53C-3236-495D-B0CE-FC9CA1696C13}.Release|Win32.Build.0 = Release|Win32
		{E8466000-3733-4942-B8C5-AB9C4A9D6775}.Debug|Win32.ActiveCfg = Debug|Win32
		{E8466000-3733-4942-B8C5-AB9C4A9D6775}.Debug|Win32.Build.0 = Debug|Win32
		{E8466000-3733-4942-B8C5-AB9C4A9D6775}.Release|Win32.ActiveCfg = Release|Win32
		{E8466000-3733-4942-B8C5-AB9C4A9D6775}.Release|Win32.Build.0 = Release|Win32
		{48575BDA-3410-489F-8535-ED0CB848D0EC}.Debug|Win32.ActiveCfg = Debug|Win32
		{48575BDA-3410-489F-8535-ED0CB848D0EC}.Debug|Win32.Build.0 = Debug|Win32
		{48575BDA-3410-489F-8535-ED0CB848D0EC}.Release|Win32.ActiveCfg = Release|Win32
		{48575BDA-3410-489F-8535-ED0CB848D0EC}.Release|Win32.Build.0 = Release|Win32
		{859386FD-74EB-4EF8-B8F4-146DCB1F14DB}.Debug|Win32.ActiveCfg = Debug|Win32
		{859386FD-74EB-4EF8-B8F4-146DCB1F14DB}.Debug|Win32.Build.0 = Debug|Win32
		{859386FD-74EB-4EF8-B8F4-146DCB1F14DB}.Release|Win32.ActiveCfg = Release|Win32
		{859386FD-74EB-4EF8-B8F4-146DCB1F14DB}.Release|Win32.Build.0 = Release|Win32
		{52C1FF24-A62C-4629-8A02-3A73B5CF5462}.Debug|Win32.ActiveCfg = Debug|Win32
		{52C1FF24-A62C-4629-8A02-3A73B5CF5462}.Debug|Win32.Build.0 = Debug|Win32
		{52C1FF24-A62C-4629-8A02-3A73B5CF5462}.Release|Win32.ActiveCfg = Release|Win32
		{52C1FF24-A62C-4629-8A02-3A73B5CF5462}.Release|Win32.Build.0 = Release|Win32
		{DF773B2C-AC9A-41D4-9A77-12EB199B9BE3}.Debug|Win32.ActiveCfg = Debug|Win32
		{DF773B2C-AC9A-41D4-9A77-12EB199B9BE3}.Debug|Win32.Build.0 = Debug|Win32
		{DF773B2C-AC9A-41D4-9A77-12EB199B9BE3}.Release|Win32.ActiveCfg = Release|Win32
		{DF773B2C-AC9A-41D4-9A77-12EB199B9BE3}.Release|Win32.Build.0 = Release|Win32
		{68A018E7-5D76-4711-8F31-ED15AEDB218C}.Debug|Win32.ActiveCfg = Debug|Win32
		{68A018E7-5D76-4711-8F31-ED15AEDB218C}.Debug|Win32.Build.0 = Debug|Win32
		{68A018E7-5D76-4711-8F31-ED15AEDB218C}.Release|Win32.ActiveCfg = Release|Win32
		{68A018E7-5D76-4711-8F31-ED15AEDB218C}.Release|Win32.Build.0 = Release|Win32
		{EA18A565-06D2-48AA-B32C-8109DD8FA2A2}.Debug|Win32.ActiveCfg = Debug|Win32
		{EA18A565-06D2-48AA-B32C-8109DD8FA2A2}.Debug|Win32.Build.0 = Debug|Win32
		{EA18A565-06D2-48AA-B32C-8109DD8FA2A2}.Release|Win32.ActiveCfg = Release|Win32
		{EA18A565-06D2-48AA-B32C-8109DD8FA2A2}.Release|Win32.Build.0 = Release|Win32
		{FBF14BEB-2E0F-419F-84E4-E923EBA50A53}.Debug|Win32.ActiveCfg = Debug|Win32
		{FBF14BEB-2E0F-419F-84E4-E923EBA50A53}.Debug|Win32.Build.0 = Debug|Win32
		{FBF14BEB-2E0F-419F-84E4-E923EBA50A53}.Release|Win32.ActiveCfg = Release|Win32
		{FBF14BEB-2E0F-419F-84E4-E923EBA50A53}.Release|Win32.Build.0 = Release|Win32
		{8ACEF0D2-5148-4086-AB43-3096666D7DDB}.Debug|Win32.ActiveCfg = Debug|Win32
		{8ACEF0D2-5148-4086-AB43-3096666D7DDB}.Debug|Win32.Build.0 = Debug|Win32
		{8ACEF0D2-5148-4086-AB43-3096666D7DDB}.Release|Win32.ActiveCfg = Release|Win32
		{8ACEF0D2-5148-4086-AB43-3096666D7DDB}.Release|Win32.Build.0 = Release|Win32
		{2B9EB230-1A90-4D73-85A2-2AC7148B702C}.Debug|Win32.ActiveCfg = Debug|Win32
		{2B9EB230-1A90-4D73-85A2-2AC7148B702C}.Debug|Win32.Build.0 = Debug|Win32
		{2B9EB230-1A90-4D73-85A2-2AC7148B702C}.Release|Win32.ActiveCfg = Release|Win32
		{2B9EB230-1A90-4D73-85A2-2AC7148B702C}.Release|Win32.Build.0 = Release|Win32
		{CB6FF20D-475D-46E4-BEC8-D6964DB87DE6}.Debug|Win32.ActiveCfg = Debug|Win32
		{CB6FF20D-475D-46E4-BEC8-D6964DB87DE6}.Debug|Win32.Build.0 = Debug|Win32
		{CB6FF20D-475D-46E4-BEC8-D6964DB87DE6}.Release|Win32.ActiveCfg = Release|Win32
		{CB6FF20D-475D-46E4-BEC8-D6964DB87DE6}.Release|Win32.Build.0 = Release|Win32
		{09A9A3E7-4362-4085-BFBF-F29EC053709D}.Debug|Win32.ActiveCfg = Debug|Win32
		{09A9A3E7-4362-4085-BFBF-F29EC053709D}.Debug|Win32.Build.0 = Debug|Win32
		{09A9A3E7-4362-4085-BFBF-F29EC053709D}.Release|Win32.ActiveCfg = Release|Win32
		{09A9A3E7-4362-4085-BFBF-F29EC053709D}.Release|Win32.Build.0 = Release|Win32
		{9B47CA31-5B41-4A67-BDD2-17EF9EA029E9}.Debug|Win32.ActiveCfg = Debug|Win32
		{9B47CA31-5B41-4A67-BDD2-17EF9EA029E9}.Debug|Win32.Build.0 = Debug|Win32
		{9B47CA31-5B41-4A67-BDD2-17EF9EA029E9}.Release|Win32.ActiveCfg = Release|Win32
		{9B47CA31-5B41-4A67-BDD2-17EF9EA029E9}.Release|Win32.Build.0 = Release|Win32
		{75AE3670-69BE-43D6-91A5-344E27694E25}.Debug|Win32.ActiveCfg = Debug|Win32
		{75AE3670-69BE-43D6-91A5-344E27694E25}.Debug|Win32.Build.0 = Debug|Win32
		{75AE3670-69BE-43D6-91A5-344E27694E25}.Release|Win32.ActiveCfg = Release|Win32
		{75AE3670-69BE-43D6-91A5-344E27694E25}.Release|Win32.Build.0 = Release|Win32
		{C6FADC74-CE2A-4080-92EC-AF64D8E1F952}.Debug|Win32.ActiveCfg = Debug|Win32
		{C6FADC74-CE2A-4080-92EC-AF64D8E1F952}.Debug|Win32.Build.0 = Debug|Win32
		{C6FADC74-CE2A-4080-92EC-AF64D8E1F952}.Release|Win32.ActiveCfg = Release|Win32
		{C6FADC74-CE2A-4080-92EC-AF64D8E1F952}.Release|Win32.Build.0 = Release|Win32
		{289737AD-7CA6-44BD-8735-380CA341F9F9}.Debug|Win32.ActiveCfg = Debug|Win32
		{289737AD-7CA6-44BD-8735-380CA341F9F9}.Debug|Win32.Build.0 = Debug|Win32
		{289737AD-7CA6-44BD-8735-380CA341F9F9}.Release|Win32.ActiveCfg = Release|Win32
		{289737AD-7CA6-44BD-8735-380CA341F9F9}.Release|Win32.Build.0 = Release|Win32
		{03BAEEDA-6472-4930-A6A1-528DF2E8DF3B}.Debug|Win32.ActiveCfg = Debug|Win32
		{03BAEEDA-6472-4930-A6A1-528DF2E8DF3B}.Debug|Win32.Build.0 = Debug|Win32
		{03BAEEDA-6472-4930-A6A1-528DF2E8DF3B}.Release|Win32.ActiveCfg = Release|Win32
		{03BAEEDA-6472-4930-A6A1-528DF2E8DF3B}.Release|Win32.Build.0 = Release|Win32
		{A9FC7ED3-8311-4F47-86D8-3CA8A35BF925}.Debug|Win32.ActiveCfg = Debug|Win32
		{A9FC7ED3-8311-4F47-86D8-3CA8A35BF925}.Debug|Win32.Build.0 = Debug|Win32
		{A9FC7ED3-8311-4F47-86D8-3CA8A35BF925}.Release|Win32.ActiveCfg = Release|Win32
		{A9FC7ED3-8311-4F47-86D8-3CA8A35BF925}.Release|Win32.Build.0 = Release|Win32
		{9A1EDE4B-1609-4BBA-AD3B-BEE702EF6667}.Debug|Win32.ActiveCfg = Debug|Win32
		{9A1EDE4B-1609-4BBA-AD3B-BEE702EF6667}.Debug|Win32.Build.0 = Debug|Win32
		{9A1EDE4B-1609-4BBA-AD3B-BEE702EF6667}.Release|Win32.ActiveCfg = Release|Win32
		{9A1EDE4B-1609-4BBA-AD3B-BEE702EF6667}.Release|Win32.Build.0 = Release|Win32
		{79CBB28B-A7C2-4302-B957-1F3D38C4E645}.Debug|Win32.ActiveCfg = Debug|Win32
		{79CBB28B-A7C2-4302-B957-1F3D38C4E645}.Debug|Win32.Build.0 = Debug|Win32
		{79CBB28B-A7C2-4302-B957-1F3D38C4E645}.Release|Win32.ActiveCfg = Release|Win32
		{79CBB28B-A7C2-4302-B957-1F3D38C4E645}.Release|Win32.Build.0 = Release|Win32
		{7D6D7980-7BE5-4028-B01C-5472A57CF6B8}.Debug|Win32.ActiveCfg = Debug|Win32
		{7D6D7980-7BE5-4028-B01C-5472A57CF6B8}.Debug|Win32.Build.0 = Debug|Win32
		{7D6D7980-7BE5-4028-B01C-5472A57CF6B8}.Release|Win32.ActiveCfg = Release|Win32
		{7D6D7980-7BE5-4028-B01C-5472A57CF6B8}.Release|Win32.Build.0 = Release|Win32
		{AEBF65CF-6660-4AC7-A6F5-7BD1B5C9AAC3}.Debug|Win32.ActiveCfg = Debug|Win32
		{AEBF65CF-6660-4AC7-A6F5-7BD1B5C9AAC3}.Debug|Win32.Build.0 = Debug|Win32
		{AEBF65CF-6660-4AC7-A6F5-7BD1B5C9AAC3}.Release|Win32.ActiveCfg = Release|Win32
		{AEBF65CF-6660-4AC7-A6F5-7BD1B5C9AAC3}.Release|Win32.Build.0 = Release|Win32
		{2C3F5E9E-FDCA-491E-90B8-710D8271E4CD}.Debug|Win32.ActiveCfg = Debug|Win32
		{2C3F5E9E-FDCA-491E-90B8-710D8271E4CD}.Debug|Win32.Build.0 = Debug|Win32
		{2C3F5E9E-FDCA-491E-90B8-710D8271E4CD}.Release|Win32.ActiveCfg = Release|Win32
		{2C3F5E9E-FDCA-491E-90B8-710D8271E4CD}.Release|Win32.Build.0 = Release|Win32
		{46B92704-BE67-408A-BF55-08CD8D239D4A}.Debug|Win32.ActiveCfg = Debug|Win32
		{46B92704-BE67-408A-BF55-08CD8D239D4A}.Debug|Win32.Build.0 = Debug|Win32
		{46B92704-BE67-408A-BF55-08CD8D239D4A}.Release|Win32.ActiveCfg = Release|Win32
		{46B92704-BE67-408A-BF55-08CD8D239D4A}.Release|Win32.Build.0 = Release|Win32
		{1FE37448-B3C2-4D7A-A74B-22B1B745AE1C}.Debug|Win32.ActiveCfg = Debug|Win32
		{1FE37448-B3C2-4D7A-A74B-22B1B745AE1C}.Debug|Win32.Build.0 = Debug|Win32
		{1FE37448-B3C2-4D7A-A74B-22B1B745AE1C}.Release|Win32.ActiveCfg = Release|Win32
		{1FE37448-B3C2-4D7A-A74B-22B1B745AE1C}.Release|Win32.Build.0 = Release|Win32
		{8BD8C896-DF52-4C7C-95F8-6B28D952CEFF}.Debug|Win32.ActiveCfg = Debug|Win32
		{8BD8C896-DF52-4C7C-95F8-6B28D952CEFF}.Debug|Win32.Build.0 = Debug|Win32
		{8BD8C896-DF52-4C7C-95F8-6B28D952CEFF}.Release|Win32.ActiveCfg = Release|Win32
		{8BD8C896-DF52-4C7C-95F8-6B28D952CEFF}.Release|Win32.Build.0 = Release|Win32
		{9FF0F053-7F1D-45BF-92E7-915326AFF051}.Debug|Win32.ActiveCfg = Debug|Win32
		{9FF0F053-7F1D-45BF-92E7-915326AFF051}.Debug|Win32.Build.0 = Debug|Win32
		{9FF0F053-7F1D-45BF-92E7-915326AFF051}.Release|Win32.ActiveCfg = Release|Win32
		{9FF0F053-7F1D-45BF-92E7-915326AFF051}.Release|Win32.Build.0 = Release|Win32
		{BC47002D-5484-47A5-BCB5-1D5CAA0CC953}.Debug|Win32.ActiveCfg = Debug|Win32
		{BC47002D-5484-47A5-BCB5-1D5CAA0CC953}.Debug|Win32.Build.0 = Debug|Win32
		{BC47002D-5484-47A5-BCB5-1D5CAA0CC953}.Release|Win32.ActiveCfg = Release|Win32
		{BC47002D-5484-47A5-BCB5-1D5CAA0CC953}.Release|Win32.Build.0 = Release|Win32
		{A4369D52-323B-436A-A95F-E2A646C18D6C}.Debug|Win32.ActiveCfg = Debug|Win32
		{A4369D52-323B-436A-A95F-E2A646C18D6C}.Debug|Win32.Build.0 = Debug|Win32
		{A4369D52-323B-436A-A95F-E2A646C18D6C}.Release|Win32.ActiveCfg = Release|Win32
		{A4369D52-323B-436A-A95F-E2A646C18D6C}.Release|Win32.Build.0 = Release|Win32
	EndGlobalSection
	GlobalSection(SolutionProperties) = preSolution
		HideSolutionNode = FALSE
	EndGlobalSection
EndGlobal
